
Microsoft Visual Studio Solution File, Format Version 12.00
# Visual Studio 15
VisualStudioVersion = 15.0.28307.902
MinimumVisualStudioVersion = 10.0.40219.1
Project("{FAE04EC0-301F-11D3-BF4B-00C04F79EFBC}") = "kutuphane_otomasyonu", "WindowsFormsApp16\kutuphane_otomasyonu.csproj", "{0D2E890B-4D37-49BE-82B8-53EEBC08DA1B}"
EndProject
Project("{FAE04EC0-301F-11D3-BF4B-00C04F79EFBC}") = "kitaplar_datalyr", "kitaplar_datalyr\kitaplar_datalyr.csproj", "{34E73D8F-8DB6-4CD7-A746-62BD7E91E311}"
EndProject
Global
	GlobalSection(SolutionConfigurationPlatforms) = preSolution
		Debug|Any CPU = Debug|Any CPU
		Release|Any CPU = Release|Any CPU
	EndGlobalSection
	GlobalSection(ProjectConfigurationPlatforms) = postSolution
		{0D2E890B-4D37-49BE-82B8-53EEBC08DA1B}.Debug|Any CPU.ActiveCfg = Debug|Any CPU
		{0D2E890B-4D37-49BE-82B8-53EEBC08DA1B}.Debug|Any CPU.Build.0 = Debug|Any CPU
		{0D2E890B-4D37-49BE-82B8-53EEBC08DA1B}.Release|Any CPU.ActiveCfg = Release|Any CPU
		{0D2E890B-4D37-49BE-82B8-53EEBC08DA1B}.Release|Any CPU.Build.0 = Release|Any CPU
		{34E73D8F-8DB6-4CD7-A746-62BD7E91E311}.Debug|Any CPU.ActiveCfg = Debug|Any CPU
		{34E73D8F-8DB6-4CD7-A746-62BD7E91E311}.Debug|Any CPU.Build.0 = Debug|Any CPU
		{34E73D8F-8DB6-4CD7-A746-62BD7E91E311}.Release|Any CPU.ActiveCfg = Release|Any CPU
		{34E73D8F-8DB6-4CD7-A746-62BD7E91E311}.Release|Any CPU.Build.0 = Release|Any CPU
	EndGlobalSection
	GlobalSection(SolutionProperties) = preSolution
		HideSolutionNode = FALSE
	EndGlobalSection
	GlobalSection(ExtensibilityGlobals) = postSolution
		SolutionGuid = {C420EE1B-F3D5-4790-8CD8-6D1ECB3865EE}
	EndGlobalSection
EndGlobal
